// !$*UTF8*$!
{
	archiveVersion = 1;
	classes = {
	};
	objectVersion = 48;
	objects = {

/* Begin PBXBuildFile section */
		B14F5F321FD93A2800F5E444 /* AppDelegate.swift in Sources */ = {isa = PBXBuildFile; fileRef = B14F5F311FD93A2800F5E444 /* AppDelegate.swift */; };
		B14F5F341FD93A2800F5E444 /* ViewController.swift in Sources */ = {isa = PBXBuildFile; fileRef = B14F5F331FD93A2800F5E444 /* ViewController.swift */; };
		B14F5F371FD93A2800F5E444 /* Main.storyboard in Resources */ = {isa = PBXBuildFile; fileRef = B14F5F351FD93A2800F5E444 /* Main.storyboard */; };
		B14F5F391FD93A2800F5E444 /* Assets.xcassets in Resources */ = {isa = PBXBuildFile; fileRef = B14F5F381FD93A2800F5E444 /* Assets.xcassets */; };
		B14F5F3C1FD93A2800F5E444 /* LaunchScreen.storyboard in Resources */ = {isa = PBXBuildFile; fileRef = B14F5F3A1FD93A2800F5E444 /* LaunchScreen.storyboard */; };
		B14F5F471FD93A2800F5E444 /* GitHubTests.swift in Sources */ = {isa = PBXBuildFile; fileRef = B14F5F461FD93A2800F5E444 /* GitHubTests.swift */; };
		B14F5F521FD93A2800F5E444 /* GitHubUITests.swift in Sources */ = {isa = PBXBuildFile; fileRef = B14F5F511FD93A2800F5E444 /* GitHubUITests.swift */; };
/* End PBXBuildFile section */

/* Begin PBXContainerItemProxy section */
		B14F5F431FD93A2800F5E444 /* PBXContainerItemProxy */ = {
			isa = PBXContainerItemProxy;
			containerPortal = B14F5F261FD93A2800F5E444 /* Project object */;
			proxyType = 1;
			remoteGlobalIDString = B14F5F2D1FD93A2800F5E444;
			remoteInfo = GitHub;
		};
		B14F5F4E1FD93A2800F5E444 /* PBXContainerItemProxy */ = {
			isa = PBXContainerItemProxy;
			containerPortal = B14F5F261FD93A2800F5E444 /* Project object */;
			proxyType = 1;
			remoteGlobalIDString = B14F5F2D1FD93A2800F5E444;
			remoteInfo = GitHub;
		};
/* End PBXContainerItemProxy section */

/* Begin PBXFileReference section */
		B14F5F2E1FD93A2800F5E444 /* GitHub.app */ = {isa = PBXFileReference; explicitFileType = wrapper.application; includeInIndex = 0; path = GitHub.app; sourceTree = BUILT_PRODUCTS_DIR; };
		B14F5F311FD93A2800F5E444 /* AppDelegate.swift */ = {isa = PBXFileReference; lastKnownFileType = sourcecode.swift; path = AppDelegate.swift; sourceTree = "<group>"; };
		B14F5F331FD93A2800F5E444 /* ViewController.swift */ = {isa = PBXFileReference; lastKnownFileType = sourcecode.swift; path = ViewController.swift; sourceTree = "<group>"; };
		B14F5F361FD93A2800F5E444 /* Base */ = {isa = PBXFileReference; lastKnownFileType = file.storyboard; name = Base; path = Base.lproj/Main.storyboard; sourceTree = "<group>"; };
		B14F5F381FD93A2800F5E444 /* Assets.xcassets */ = {isa = PBXFileReference; lastKnownFileType = folder.assetcatalog; path = Assets.xcassets; sourceTree = "<group>"; };
		B14F5F3B1FD93A2800F5E444 /* Base */ = {isa = PBXFileReference; lastKnownFileType = file.storyboard; name = Base; path = Base.lproj/LaunchScreen.storyboard; sourceTree = "<group>"; };
		B14F5F3D1FD93A2800F5E444 /* Info.plist */ = {isa = PBXFileReference; lastKnownFileType = text.plist.xml; path = Info.plist; sourceTree = "<group>"; };
		B14F5F421FD93A2800F5E444 /* GitHubTests.xctest */ = {isa = PBXFileReference; explicitFileType = wrapper.cfbundle; includeInIndex = 0; path = GitHubTests.xctest; sourceTree = BUILT_PRODUCTS_DIR; };
		B14F5F461FD93A2800F5E444 /* GitHubTests.swift */ = {isa = PBXFileReference; lastKnownFileType = sourcecode.swift; path = GitHubTests.swift; sourceTree = "<group>"; };
		B14F5F481FD93A2800F5E444 /* Info.plist */ = {isa = PBXFileReference; lastKnownFileType = text.plist.xml; path = Info.plist; sourceTree = "<group>"; };
		B14F5F4D1FD93A2800F5E444 /* GitHubUITests.xctest */ = {isa = PBXFileReference; explicitFileType = wrapper.cfbundle; includeInIndex = 0; path = GitHubUITests.xctest; sourceTree = BUILT_PRODUCTS_DIR; };
		B14F5F511FD93A2800F5E444 /* GitHubUITests.swift */ = {isa = PBXFileReference; lastKnownFileType = sourcecode.swift; path = GitHubUITests.swift; sourceTree = "<group>"; };
		B14F5F531FD93A2800F5E444 /* Info.plist */ = {isa = PBXFileReference; lastKnownFileType = text.plist.xml; path = Info.plist; sourceTree = "<group>"; };
/* End PBXFileReference section */

/* Begin PBXFrameworksBuildPhase section */
		B14F5F2B1FD93A2800F5E444 /* Frameworks */ = {
			isa = PBXFrameworksBuildPhase;
			buildActionMask = 2147483647;
			files = (
			);
			runOnlyForDeploymentPostprocessing = 0;
		};
		B14F5F3F1FD93A2800F5E444 /* Frameworks */ = {
			isa = PBXFrameworksBuildPhase;
			buildActionMask = 2147483647;
			files = (
			);
			runOnlyForDeploymentPostprocessing = 0;
		};
		B14F5F4A1FD93A2800F5E444 /* Frameworks */ = {
			isa = PBXFrameworksBuildPhase;
			buildActionMask = 2147483647;
			files = (
			);
			runOnlyForDeploymentPostprocessing = 0;
		};
/* End PBXFrameworksBuildPhase section */

/* Begin PBXGroup section */
		B14F5F251FD93A2800F5E444 = {
			isa = PBXGroup;
			children = (
				B14F5F301FD93A2800F5E444 /* GitHub */,
				B14F5F451FD93A2800F5E444 /* GitHubTests */,
				B14F5F501FD93A2800F5E444 /* GitHubUITests */,
				B14F5F2F1FD93A2800F5E444 /* Products */,
			);
			sourceTree = "<group>";
		};
		B14F5F2F1FD93A2800F5E444 /* Products */ = {
			isa = PBXGroup;
			children = (
				B14F5F2E1FD93A2800F5E444 /* GitHub.app */,
				B14F5F421FD93A2800F5E444 /* GitHubTests.xctest */,
				B14F5F4D1FD93A2800F5E444 /* GitHubUITests.xctest */,
			);
			name = Products;
			sourceTree = "<group>";
		};
		B14F5F301FD93A2800F5E444 /* GitHub */ = {
			isa = PBXGroup;
			children = (
				B14F5F311FD93A2800F5E444 /* AppDelegate.swift */,
				B14F5F331FD93A2800F5E444 /* ViewController.swift */,
				B14F5F351FD93A2800F5E444 /* Main.storyboard */,
				B14F5F381FD93A2800F5E444 /* Assets.xcassets */,
				B14F5F3A1FD93A2800F5E444 /* LaunchScreen.storyboard */,
				B14F5F3D1FD93A2800F5E444 /* Info.plist */,
			);
			path = GitHub;
			sourceTree = "<group>";
		};
		B14F5F451FD93A2800F5E444 /* GitHubTests */ = {
			isa = PBXGroup;
			children = (
				B14F5F461FD93A2800F5E444 /* GitHubTests.swift */,
				B14F5F481FD93A2800F5E444 /* Info.plist */,
			);
			path = GitHubTests;
			sourceTree = "<group>";
		};
		B14F5F501FD93A2800F5E444 /* GitHubUITests */ = {
			isa = PBXGroup;
			children = (
				B14F5F511FD93A2800F5E444 /* GitHubUITests.swift */,
				B14F5F531FD93A2800F5E444 /* Info.plist */,
			);
			path = GitHubUITests;
			sourceTree = "<group>";
		};
/* End PBXGroup section */

/* Begin PBXNativeTarget section */
		B14F5F2D1FD93A2800F5E444 /* GitHub */ = {
			isa = PBXNativeTarget;
			buildConfigurationList = B14F5F561FD93A2800F5E444 /* Build configuration list for PBXNativeTarget "GitHub" */;
			buildPhases = (
				B14F5F2A1FD93A2800F5E444 /* Sources */,
				B14F5F2B1FD93A2800F5E444 /* Frameworks */,
				B14F5F2C1FD93A2800F5E444 /* Resources */,
			);
			buildRules = (
			);
			dependencies = (
			);
			name = GitHub;
			productName = GitHub;
			productReference = B14F5F2E1FD93A2800F5E444 /* GitHub.app */;
			productType = "com.apple.product-type.application";
		};
		B14F5F411FD93A2800F5E444 /* GitHubTests */ = {
			isa = PBXNativeTarget;
			buildConfigurationList = B14F5F591FD93A2800F5E444 /* Build configuration list for PBXNativeTarget "GitHubTests" */;
			buildPhases = (
				B14F5F3E1FD93A2800F5E444 /* Sources */,
				B14F5F3F1FD93A2800F5E444 /* Frameworks */,
				B14F5F401FD93A2800F5E444 /* Resources */,
			);
			buildRules = (
			);
			dependencies = (
				B14F5F441FD93A2800F5E444 /* PBXTargetDependency */,
			);
			name = GitHubTests;
			productName = GitHubTests;
			productReference = B14F5F421FD93A2800F5E444 /* GitHubTests.xctest */;
			productType = "com.apple.product-type.bundle.unit-test";
		};
		B14F5F4C1FD93A2800F5E444 /* GitHubUITests */ = {
			isa = PBXNativeTarget;
			buildConfigurationList = B14F5F5C1FD93A2800F5E444 /* Build configuration list for PBXNativeTarget "GitHubUITests" */;
			buildPhases = (
				B14F5F491FD93A2800F5E444 /* Sources */,
				B14F5F4A1FD93A2800F5E444 /* Frameworks */,
				B14F5F4B1FD93A2800F5E444 /* Resources */,
			);
			buildRules = (
			);
			dependencies = (
				B14F5F4F1FD93A2800F5E444 /* PBXTargetDependency */,
			);
			name = GitHubUITests;
			productName = GitHubUITests;
			productReference = B14F5F4D1FD93A2800F5E444 /* GitHubUITests.xctest */;
			productType = "com.apple.product-type.bundle.ui-testing";
		};
/* End PBXNativeTarget section */

/* Begin PBXProject section */
		B14F5F261FD93A2800F5E444 /* Project object */ = {
			isa = PBXProject;
			attributes = {
				LastSwiftUpdateCheck = 0920;
				LastUpgradeCheck = 0920;
				ORGANIZATIONNAME = "Gian Marco Orlando";
				TargetAttributes = {
					B14F5F2D1FD93A2800F5E444 = {
						CreatedOnToolsVersion = 9.2;
						ProvisioningStyle = Automatic;
					};
					B14F5F411FD93A2800F5E444 = {
						CreatedOnToolsVersion = 9.2;
						ProvisioningStyle = Automatic;
						TestTargetID = B14F5F2D1FD93A2800F5E444;
					};
					B14F5F4C1FD93A2800F5E444 = {
						CreatedOnToolsVersion = 9.2;
						ProvisioningStyle = Automatic;
						TestTargetID = B14F5F2D1FD93A2800F5E444;
					};
				};
			};
			buildConfigurationList = B14F5F291FD93A2800F5E444 /* Build configuration list for PBXProject "GitHub" */;
			compatibilityVersion = "Xcode 8.0";
			developmentRegion = en;
			hasScannedForEncodings = 0;
			knownRegions = (
				en,
				Base,
			);
			mainGroup = B14F5F251FD93A2800F5E444;
			productRefGroup = B14F5F2F1FD93A2800F5E444 /* Products */;
			projectDirPath = "";
			projectRoot = "";
			targets = (
				B14F5F2D1FD93A2800F5E444 /* GitHub */,
				B14F5F411FD93A2800F5E444 /* GitHubTests */,
				B14F5F4C1FD93A2800F5E444 /* GitHubUITests */,
			);
		};
/* End PBXProject section */

/* Begin PBXResourcesBuildPhase section */
		B14F5F2C1FD93A2800F5E444 /* Resources */ = {
			isa = PBXResourcesBuildPhase;
			buildActionMask = 2147483647;
			files = (
				B14F5F3C1FD93A2800F5E444 /* LaunchScreen.storyboard in Resources */,
				B14F5F391FD93A2800F5E444 /* Assets.xcassets in Resources */,
				B14F5F371FD93A2800F5E444 /* Main.storyboard in Resources */,
			);
			runOnlyForDeploymentPostprocessing = 0;
		};
		B14F5F401FD93A2800F5E444 /* Resources */ = {
			isa = PBXResourcesBuildPhase;
			buildActionMask = 2147483647;
			files = (
			);
			runOnlyForDeploymentPostprocessing = 0;
		};
		B14F5F4B1FD93A2800F5E444 /* Resources */ = {
			isa = PBXResourcesBuildPhase;
			buildActionMask = 2147483647;
			files = (
			);
			runOnlyForDeploymentPostprocessing = 0;
		};
/* End PBXResourcesBuildPhase section */

/* Begin PBXSourcesBuildPhase section */
		B14F5F2A1FD93A2800F5E444 /* Sources */ = {
			isa = PBXSourcesBuildPhase;
			buildActionMask = 2147483647;
			files = (
				B14F5F341FD93A2800F5E444 /* ViewController.swift in Sources */,
				B14F5F321FD93A2800F5E444 /* AppDelegate.swift in Sources */,
			);
			runOnlyForDeploymentPostprocessing = 0;
		};
		B14F5F3E1FD93A2800F5E444 /* Sources */ = {
			isa = PBXSourcesBuildPhase;
			buildActionMask = 2147483647;
			files = (
				B14F5F471FD93A2800F5E444 /* GitHubTests.swift in Sources */,
			);
			runOnlyForDeploymentPostprocessing = 0;
		};
		B14F5F491FD93A2800F5E444 /* Sources */ = {
			isa = PBXSourcesBuildPhase;
			buildActionMask = 2147483647;
			files = (
				B14F5F521FD93A2800F5E444 /* GitHubUITests.swift in Sources */,
			);
			runOnlyForDeploymentPostprocessing = 0;
		};
/* End PBXSourcesBuildPhase section */

/* Begin PBXTargetDependency section */
		B14F5F441FD93A2800F5E444 /* PBXTargetDependency */ = {
			isa = PBXTargetDependency;
			target = B14F5F2D1FD93A2800F5E444 /* GitHub */;
			targetProxy = B14F5F431FD93A2800F5E444 /* PBXContainerItemProxy */;
		};
		B14F5F4F1FD93A2800F5E444 /* PBXTargetDependency */ = {
			isa = PBXTargetDependency;
			target = B14F5F2D1FD93A2800F5E444 /* GitHub */;
			targetProxy = B14F5F4E1FD93A2800F5E444 /* PBXContainerItemProxy */;
		};
/* End PBXTargetDependency section */

/* Begin PBXVariantGroup section */
		B14F5F351FD93A2800F5E444 /* Main.storyboard */ = {
			isa = PBXVariantGroup;
			children = (
				B14F5F361FD93A2800F5E444 /* Base */,
			);
			name = Main.storyboard;
			sourceTree = "<group>";
		};
		B14F5F3A1FD93A2800F5E444 /* LaunchScreen.storyboard */ = {
			isa = PBXVariantGroup;
			children = (
				B14F5F3B1FD93A2800F5E444 /* Base */,
			);
			name = LaunchScreen.storyboard;
			sourceTree = "<group>";
		};
/* End PBXVariantGroup section */

/* Begin XCBuildConfiguration section */
		B14F5F541FD93A2800F5E444 /* Debug */ = {
			isa = XCBuildConfiguration;
			buildSettings = {
				ALWAYS_SEARCH_USER_PATHS = NO;
				CLANG_ANALYZER_NONNULL = YES;
				CLANG_ANALYZER_NUMBER_OBJECT_CONVERSION = YES_AGGRESSIVE;
				CLANG_CXX_LANGUAGE_STANDARD = "gnu++14";
				CLANG_CXX_LIBRARY = "libc++";
				CLANG_ENABLE_MODULES = YES;
				CLANG_ENABLE_OBJC_ARC = YES;
				CLANG_WARN_BLOCK_CAPTURE_AUTORELEASING = YES;
				CLANG_WARN_BOOL_CONVERSION = YES;
				CLANG_WARN_COMMA = YES;
				CLANG_WARN_CONSTANT_CONVERSION = YES;
				CLANG_WARN_DIRECT_OBJC_ISA_USAGE = YES_ERROR;
				CLANG_WARN_DOCUMENTATION_COMMENTS = YES;
				CLANG_WARN_EMPTY_BODY = YES;
				CLANG_WARN_ENUM_CONVERSION = YES;
				CLANG_WARN_INFINITE_RECURSION = YES;
				CLANG_WARN_INT_CONVERSION = YES;
				CLANG_WARN_NON_LITERAL_NULL_CONVERSION = YES;
				CLANG_WARN_OBJC_LITERAL_CONVERSION = YES;
				CLANG_WARN_OBJC_ROOT_CLASS = YES_ERROR;
				CLANG_WARN_RANGE_LOOP_ANALYSIS = YES;
				CLANG_WARN_STRICT_PROTOTYPES = YES;
				CLANG_WARN_SUSPICIOUS_MOVE = YES;
				CLANG_WARN_UNGUARDED_AVAILABILITY = YES_AGGRESSIVE;
				CLANG_WARN_UNREACHABLE_CODE = YES;
				CLANG_WARN__DUPLICATE_METHOD_MATCH = YES;
				CODE_SIGN_IDENTITY = "iPhone Developer";
				COPY_PHASE_STRIP = NO;
				DEBUG_INFORMATION_FORMAT = dwarf;
				ENABLE_STRICT_OBJC_MSGSEND = YES;
				ENABLE_TESTABILITY = YES;
				GCC_C_LANGUAGE_STANDARD = gnu11;
				GCC_DYNAMIC_NO_PIC = NO;
				GCC_NO_COMMON_BLOCKS = YES;
				GCC_OPTIMIZATION_LEVEL = 0;
				GCC_PREPROCESSOR_DEFINITIONS = (
					"DEBUG=1",
					"$(inherited)",
				);
				GCC_WARN_64_TO_32_BIT_CONVERSION = YES;
				GCC_WARN_ABOUT_RETURN_TYPE = YES_ERROR;
				GCC_WARN_UNDECLARED_SELECTOR = YES;
				GCC_WARN_UNINITIALIZED_AUTOS = YES_AGGRESSIVE;
				GCC_WARN_UNUSED_FUNCTION = YES;
				GCC_WARN_UNUSED_VARIABLE = YES;
				IPHONEOS_DEPLOYMENT_TARGET = 11.2;
				MTL_ENABLE_DEBUG_INFO = YES;
				ONLY_ACTIVE_ARCH = YES;
				SDKROOT = iphoneos;
				SWIFT_ACTIVE_COMPILATION_CONDITIONS = DEBUG;
				SWIFT_OPTIMIZATION_LEVEL = "-Onone";
			};
			name = Debug;
		};
		B14F5F551FD93A2800F5E444 /* Release */ = {
			isa = XCBuildConfiguration;
			buildSettings = {
				ALWAYS_SEARCH_USER_PATHS = NO;
				CLANG_ANALYZER_NONNULL = YES;
				CLANG_ANALYZER_NUMBER_OBJECT_CONVERSION = YES_AGGRESSIVE;
				CLANG_CXX_LANGUAGE_STANDARD = "gnu++14";
				CLANG_CXX_LIBRARY = "libc++";
				CLANG_ENABLE_MODULES = YES;
				CLANG_ENABLE_OBJC_ARC = YES;
				CLANG_WARN_BLOCK_CAPTURE_AUTORELEASING = YES;
				CLANG_WARN_BOOL_CONVERSION = YES;
				CLANG_WARN_COMMA = YES;
				CLANG_WARN_CONSTANT_CONVERSION = YES;
				CLANG_WARN_DIRECT_OBJC_ISA_USAGE = YES_ERROR;
				CLANG_WARN_DOCUMENTATION_COMMENTS = YES;
				CLANG_WARN_EMPTY_BODY = YES;
				CLANG_WARN_ENUM_CONVERSION = YES;
				CLANG_WARN_INFINITE_RECURSION = YES;
				CLANG_WARN_INT_CONVERSION = YES;
				CLANG_WARN_NON_LITERAL_NULL_CONVERSION = YES;
				CLANG_WARN_OBJC_LITERAL_CONVERSION = YES;
				CLANG_WARN_OBJC_ROOT_CLASS = YES_ERROR;
				CLANG_WARN_RANGE_LOOP_ANALYSIS = YES;
				CLANG_WARN_STRICT_PROTOTYPES = YES;
				CLANG_WARN_SUSPICIOUS_MOVE = YES;
				CLANG_WARN_UNGUARDED_AVAILABILITY = YES_AGGRESSIVE;
				CLANG_WARN_UNREACHABLE_CODE = YES;
				CLANG_WARN__DUPLICATE_METHOD_MATCH = YES;
				CODE_SIGN_IDENTITY = "iPhone Developer";
				COPY_PHASE_STRIP = NO;
				DEBUG_INFORMATION_FORMAT = "dwarf-with-dsym";
				ENABLE_NS_ASSERTIONS = NO;
				ENABLE_STRICT_OBJC_MSGSEND = YES;
				GCC_C_LANGUAGE_STANDARD = gnu11;
				GCC_NO_COMMON_BLOCKS = YES;
				GCC_WARN_64_TO_32_BIT_CONVERSION = YES;
				GCC_WARN_ABOUT_RETURN_TYPE = YES_ERROR;
				GCC_WARN_UNDECLARED_SELECTOR = YES;
				GCC_WARN_UNINITIALIZED_AUTOS = YES_AGGRESSIVE;
				GCC_WARN_UNUSED_FUNCTION = YES;
				GCC_WARN_UNUSED_VARIABLE = YES;
				IPHONEOS_DEPLOYMENT_TARGET = 11.2;
				MTL_ENABLE_DEBUG_INFO = NO;
				SDKROOT = iphoneos;
				SWIFT_OPTIMIZATION_LEVEL = "-Owholemodule";
				VALIDATE_PRODUCT = YES;
			};
			name = Release;
		};
		B14F5F571FD93A2800F5E444 /* Debug */ = {
			isa = XCBuildConfiguration;
			buildSettings = {
				ASSETCATALOG_COMPILER_APPICON_NAME = AppIcon;
				CODE_SIGN_STYLE = Automatic;
				INFOPLIST_FILE = GitHub/Info.plist;
				LD_RUNPATH_SEARCH_PATHS = "$(inherited) @executable_path/Frameworks";
				PRODUCT_BUNDLE_IDENTIFIER = "Gian-Marco-Orlando.GitHub";
				PRODUCT_NAME = "$(TARGET_NAME)";
				SWIFT_VERSION = 4.0;
				TARGETED_DEVICE_FAMILY = "1,2";
			};
			name = Debug;
		};
		B14F5F581FD93A2800F5E444 /* Release */ = {
			isa = XCBuildConfiguration;
			buildSettings = {
				ASSETCATALOG_COMPILER_APPICON_NAME = AppIcon;
				CODE_SIGN_STYLE = Automatic;
				INFOPLIST_FILE = GitHub/Info.plist;
				LD_RUNPATH_SEARCH_PATHS = "$(inherited) @executable_path/Frameworks";
				PRODUCT_BUNDLE_IDENTIFIER = "Gian-Marco-Orlando.GitHub";
				PRODUCT_NAME = "$(TARGET_NAME)";
				SWIFT_VERSION = 4.0;
				TARGETED_DEVICE_FAMILY = "1,2";
			};
			name = Release;
		};
		B14F5F5A1FD93A2800F5E444 /* Debug */ = {
			isa = XCBuildConfiguration;
			buildSettings = {
				ALWAYS_EMBED_SWIFT_STANDARD_LIBRARIES = YES;
				BUNDLE_LOADER = "$(TEST_HOST)";
				CODE_SIGN_STYLE = Automatic;
				INFOPLIST_FILE = GitHubTests/Info.plist;
				LD_RUNPATH_SEARCH_PATHS = "$(inherited) @executable_path/Frameworks @loader_path/Frameworks";
				PRODUCT_BUNDLE_IDENTIFIER = "Gian-Marco-Orlando.GitHubTests";
				PRODUCT_NAME = "$(TARGET_NAME)";
				SWIFT_VERSION = 4.0;
				TARGETED_DEVICE_FAMILY = "1,2";
				TEST_HOST = "$(BUILT_PRODUCTS_DIR)/GitHub.app/GitHub";
			};
			name = Debug;
		};
		B14F5F5B1FD93A2800F5E444 /* Release */ = {
			isa = XCBuildConfiguration;
			buildSettings = {
				ALWAYS_EMBED_SWIFT_STANDARD_LIBRARIES = YES;
				BUNDLE_LOADER = "$(TEST_HOST)";
				CODE_SIGN_STYLE = Automatic;
				INFOPLIST_FILE = GitHubTests/Info.plist;
				LD_RUNPATH_SEARCH_PATHS = "$(inherited) @executable_path/Frameworks @loader_path/Frameworks";
				PRODUCT_BUNDLE_IDENTIFIER = "Gian-Marco-Orlando.GitHubTests";
				PRODUCT_NAME = "$(TARGET_NAME)";
				SWIFT_VERSION = 4.0;
				TARGETED_DEVICE_FAMILY = "1,2";
				TEST_HOST = "$(BUILT_PRODUCTS_DIR)/GitHub.app/GitHub";
			};
			name = Release;
		};
		B14F5F5D1FD93A2800F5E444 /* Debug */ = {
			isa = XCBuildConfiguration;
			buildSettings = {
				ALWAYS_EMBED_SWIFT_STANDARD_LIBRARIES = YES;
				CODE_SIGN_STYLE = Automatic;
				INFOPLIST_FILE = GitHubUITests/Info.plist;
				LD_RUNPATH_SEARCH_PATHS = "$(inherited) @executable_path/Frameworks @loader_path/Frameworks";
				PRODUCT_BUNDLE_IDENTIFIER = "Gian-Marco-Orlando.GitHubUITests";
				PRODUCT_NAME = "$(TARGET_NAME)";
				SWIFT_VERSION = 4.0;
				TARGETED_DEVICE_FAMILY = "1,2";
				TEST_TARGET_NAME = GitHub;
			};
			name = Debug;
		};
		B14F5F5E1FD93A2800F5E444 /* Release */ = {
			isa = XCBuildConfiguration;
			buildSettings = {
				ALWAYS_EMBED_SWIFT_STANDARD_LIBRARIES = YES;
				CODE_SIGN_STYLE = Automatic;
				INFOPLIST_FILE = GitHubUITests/Info.plist;
				LD_RUNPATH_SEARCH_PATHS = "$(inherited) @executable_path/Frameworks @loader_path/Frameworks";
				PRODUCT_BUNDLE_IDENTIFIER = "Gian-Marco-Orlando.GitHubUITests";
				PRODUCT_NAME = "$(TARGET_NAME)";
				SWIFT_VERSION = 4.0;
				TARGETED_DEVICE_FAMILY = "1,2";
				TEST_TARGET_NAME = GitHub;
			};
			name = Release;
		};
/* End XCBuildConfiguration section */

/* Begin XCConfigurationList section */
		B14F5F291FD93A2800F5E444 /* Build configuration list for PBXProject "GitHub" */ = {
			isa = XCConfigurationList;
			buildConfigurations = (
				B14F5F541FD93A2800F5E444 /* Debug */,
				B14F5F551FD93A2800F5E444 /* Release */,
			);
			defaultConfigurationIsVisible = 0;
			defaultConfigurationName = Release;
		};
		B14F5F561FD93A2800F5E444 /* Build configuration list for PBXNativeTarget "GitHub" */ = {
			isa = XCConfigurationList;
			buildConfigurations = (
				B14F5F571FD93A2800F5E444 /* Debug */,
				B14F5F581FD93A2800F5E444 /* Release */,
			);
			defaultConfigurationIsVisible = 0;
			defaultConfigurationName = Release;
		};
		B14F5F591FD93A2800F5E444 /* Build configuration list for PBXNativeTarget "GitHubTests" */ = {
			isa = XCConfigurationList;
			buildConfigurations = (
				B14F5F5A1FD93A2800F5E444 /* Debug */,
				B14F5F5B1FD93A2800F5E444 /* Release */,
			);
			defaultConfigurationIsVisible = 0;
			defaultConfigurationName = Release;
		};
		B14F5F5C1FD93A2800F5E444 /* Build configuration list for PBXNativeTarget "GitHubUITests" */ = {
			isa = XCConfigurationList;
			buildConfigurations = (
				B14F5F5D1FD93A2800F5E444 /* Debug */,
				B14F5F5E1FD93A2800F5E444 /* Release */,
			);
			defaultConfigurationIsVisible = 0;
			defaultConfigurationName = Release;
		};
/* End XCConfigurationList section */
	};
	rootObject = B14F5F261FD93A2800F5E444 /* Project object */;
}
